// !$*UTF8*$!
{
	archiveVersion = 1;
	classes = {
	};
	objectVersion = 46;
	objects = {

/* Begin PBXBuildFile section */
		B50E003B1ADDC5BE00CA09EC /* Cell.xib in Resources */ = {isa = PBXBuildFile; fileRef = B50E003A1ADDC5BE00CA09EC /* Cell.xib */; };
		B50E003D1ADDC68300CA09EC /* Cell.swift in Sources */ = {isa = PBXBuildFile; fileRef = B50E003C1ADDC68300CA09EC /* Cell.swift */; };
		B5D668E01ADDBD5900ADC3D6 /* AppDelegate.swift in Sources */ = {isa = PBXBuildFile; fileRef = B5D668DF1ADDBD5900ADC3D6 /* AppDelegate.swift */; };
		B5D668E71ADDBD5900ADC3D6 /* Images.xcassets in Resources */ = {isa = PBXBuildFile; fileRef = B5D668E61ADDBD5900ADC3D6 /* Images.xcassets */; };
		B5D668EA1ADDBD5900ADC3D6 /* LaunchScreen.xib in Resources */ = {isa = PBXBuildFile; fileRef = B5D668E81ADDBD5900ADC3D6 /* LaunchScreen.xib */; };
		B5D668F61ADDBD5900ADC3D6 /* AspectTests.swift in Sources */ = {isa = PBXBuildFile; fileRef = B5D668F51ADDBD5900ADC3D6 /* AspectTests.swift */; };
		B5D669001ADDC0F300ADC3D6 /* CalculatorViewController.swift in Sources */ = {isa = PBXBuildFile; fileRef = B5D668FF1ADDC0F300ADC3D6 /* CalculatorViewController.swift */; };
/* End PBXBuildFile section */

/* Begin PBXContainerItemProxy section */
		B5D668F01ADDBD5900ADC3D6 /* PBXContainerItemProxy */ = {
			isa = PBXContainerItemProxy;
			containerPortal = B5D668D21ADDBD5900ADC3D6 /* Project object */;
			proxyType = 1;
			remoteGlobalIDString = B5D668D91ADDBD5900ADC3D6;
			remoteInfo = Aspect;
		};
/* End PBXContainerItemProxy section */

/* Begin PBXFileReference section */
		B50E003A1ADDC5BE00CA09EC /* Cell.xib */ = {isa = PBXFileReference; fileEncoding = 4; lastKnownFileType = file.xib; path = Cell.xib; sourceTree = "<group>"; };
		B50E003C1ADDC68300CA09EC /* Cell.swift */ = {isa = PBXFileReference; fileEncoding = 4; lastKnownFileType = sourcecode.swift; path = Cell.swift; sourceTree = "<group>"; };
		B5D668DA1ADDBD5900ADC3D6 /* Aspect.app */ = {isa = PBXFileReference; explicitFileType = wrapper.application; includeInIndex = 0; path = Aspect.app; sourceTree = BUILT_PRODUCTS_DIR; };
		B5D668DE1ADDBD5900ADC3D6 /* Info.plist */ = {isa = PBXFileReference; lastKnownFileType = text.plist.xml; path = Info.plist; sourceTree = "<group>"; };
		B5D668DF1ADDBD5900ADC3D6 /* AppDelegate.swift */ = {isa = PBXFileReference; lastKnownFileType = sourcecode.swift; path = AppDelegate.swift; sourceTree = "<group>"; };
		B5D668E61ADDBD5900ADC3D6 /* Images.xcassets */ = {isa = PBXFileReference; lastKnownFileType = folder.assetcatalog; path = Images.xcassets; sourceTree = "<group>"; };
		B5D668E91ADDBD5900ADC3D6 /* Base */ = {isa = PBXFileReference; lastKnownFileType = file.xib; name = Base; path = Base.lproj/LaunchScreen.xib; sourceTree = "<group>"; };
		B5D668EF1ADDBD5900ADC3D6 /* AspectTests.xctest */ = {isa = PBXFileReference; explicitFileType = wrapper.cfbundle; includeInIndex = 0; path = AspectTests.xctest; sourceTree = BUILT_PRODUCTS_DIR; };
		B5D668F41ADDBD5900ADC3D6 /* Info.plist */ = {isa = PBXFileReference; lastKnownFileType = text.plist.xml; path = Info.plist; sourceTree = "<group>"; };
		B5D668F51ADDBD5900ADC3D6 /* AspectTests.swift */ = {isa = PBXFileReference; lastKnownFileType = sourcecode.swift; path = AspectTests.swift; sourceTree = "<group>"; };
		B5D668FF1ADDC0F300ADC3D6 /* CalculatorViewController.swift */ = {isa = PBXFileReference; fileEncoding = 4; lastKnownFileType = sourcecode.swift; path = CalculatorViewController.swift; sourceTree = "<group>"; };
/* End PBXFileReference section */

/* Begin PBXFrameworksBuildPhase section */
		B5D668D71ADDBD5900ADC3D6 /* Frameworks */ = {
			isa = PBXFrameworksBuildPhase;
			buildActionMask = 2147483647;
			files = (
			);
			runOnlyForDeploymentPostprocessing = 0;
		};
		B5D668EC1ADDBD5900ADC3D6 /* Frameworks */ = {
			isa = PBXFrameworksBuildPhase;
			buildActionMask = 2147483647;
			files = (
			);
			runOnlyForDeploymentPostprocessing = 0;
		};
/* End PBXFrameworksBuildPhase section */

/* Begin PBXGroup section */
		B5D668D11ADDBD5900ADC3D6 = {
			isa = PBXGroup;
			children = (
				B5D668DC1ADDBD5900ADC3D6 /* Aspect */,
				B5D668F21ADDBD5900ADC3D6 /* AspectTests */,
				B5D668DB1ADDBD5900ADC3D6 /* Products */,
			);
			sourceTree = "<group>";
		};
		B5D668DB1ADDBD5900ADC3D6 /* Products */ = {
			isa = PBXGroup;
			children = (
				B5D668DA1ADDBD5900ADC3D6 /* Aspect.app */,
				B5D668EF1ADDBD5900ADC3D6 /* AspectTests.xctest */,
			);
			name = Products;
			sourceTree = "<group>";
		};
		B5D668DC1ADDBD5900ADC3D6 /* Aspect */ = {
			isa = PBXGroup;
			children = (
				B5D668DF1ADDBD5900ADC3D6 /* AppDelegate.swift */,
				B5D668FF1ADDC0F300ADC3D6 /* CalculatorViewController.swift */,
				B50E003C1ADDC68300CA09EC /* Cell.swift */,
				B50E003A1ADDC5BE00CA09EC /* Cell.xib */,
				B5D668E81ADDBD5900ADC3D6 /* LaunchScreen.xib */,
				B5D668E61ADDBD5900ADC3D6 /* Images.xcassets */,
				B5D668DD1ADDBD5900ADC3D6 /* Supporting Files */,
			);
			path = Aspect;
			sourceTree = "<group>";
		};
		B5D668DD1ADDBD5900ADC3D6 /* Supporting Files */ = {
			isa = PBXGroup;
			children = (
				B5D668DE1ADDBD5900ADC3D6 /* Info.plist */,
			);
			name = "Supporting Files";
			sourceTree = "<group>";
		};
		B5D668F21ADDBD5900ADC3D6 /* AspectTests */ = {
			isa = PBXGroup;
			children = (
				B5D668F51ADDBD5900ADC3D6 /* AspectTests.swift */,
				B5D668F31ADDBD5900ADC3D6 /* Supporting Files */,
			);
			path = AspectTests;
			sourceTree = "<group>";
		};
		B5D668F31ADDBD5900ADC3D6 /* Supporting Files */ = {
			isa = PBXGroup;
			children = (
				B5D668F41ADDBD5900ADC3D6 /* Info.plist */,
			);
			name = "Supporting Files";
			sourceTree = "<group>";
		};
/* End PBXGroup section */

/* Begin PBXNativeTarget section */
		B5D668D91ADDBD5900ADC3D6 /* Aspect */ = {
			isa = PBXNativeTarget;
			buildConfigurationList = B5D668F91ADDBD5900ADC3D6 /* Build configuration list for PBXNativeTarget "Aspect" */;
			buildPhases = (
				B5D668D61ADDBD5900ADC3D6 /* Sources */,
				B5D668D71ADDBD5900ADC3D6 /* Frameworks */,
				B5D668D81ADDBD5900ADC3D6 /* Resources */,
			);
			buildRules = (
			);
			dependencies = (
			);
			name = Aspect;
			productName = Aspect;
			productReference = B5D668DA1ADDBD5900ADC3D6 /* Aspect.app */;
			productType = "com.apple.product-type.application";
		};
		B5D668EE1ADDBD5900ADC3D6 /* AspectTests */ = {
			isa = PBXNativeTarget;
			buildConfigurationList = B5D668FC1ADDBD5900ADC3D6 /* Build configuration list for PBXNativeTarget "AspectTests" */;
			buildPhases = (
				B5D668EB1ADDBD5900ADC3D6 /* Sources */,
				B5D668EC1ADDBD5900ADC3D6 /* Frameworks */,
				B5D668ED1ADDBD5900ADC3D6 /* Resources */,
			);
			buildRules = (
			);
			dependencies = (
				B5D668F11ADDBD5900ADC3D6 /* PBXTargetDependency */,
			);
			name = AspectTests;
			productName = AspectTests;
			productReference = B5D668EF1ADDBD5900ADC3D6 /* AspectTests.xctest */;
			productType = "com.apple.product-type.bundle.unit-test";
		};
/* End PBXNativeTarget section */

/* Begin PBXProject section */
		B5D668D21ADDBD5900ADC3D6 /* Project object */ = {
			isa = PBXProject;
			attributes = {
				LastSwiftMigration = 0710;
				LastSwiftUpdateCheck = 0710;
				LastUpgradeCheck = 0900;
				ORGANIZATIONNAME = "Ben Ubois";
				TargetAttributes = {
					B5D668D91ADDBD5900ADC3D6 = {
						CreatedOnToolsVersion = 6.3;
						DevelopmentTeam = F69RDYTM6F;
						LastSwiftMigration = 0900;
					};
					B5D668EE1ADDBD5900ADC3D6 = {
						CreatedOnToolsVersion = 6.3;
						LastSwiftMigration = 0900;
						TestTargetID = B5D668D91ADDBD5900ADC3D6;
					};
				};
			};
			buildConfigurationList = B5D668D51ADDBD5900ADC3D6 /* Build configuration list for PBXProject "Aspect" */;
			compatibilityVersion = "Xcode 3.2";
			developmentRegion = English;
			hasScannedForEncodings = 0;
			knownRegions = (
				en,
				Base,
			);
			mainGroup = B5D668D11ADDBD5900ADC3D6;
			productRefGroup = B5D668DB1ADDBD5900ADC3D6 /* Products */;
			projectDirPath = "";
			projectRoot = "";
			targets = (
				B5D668D91ADDBD5900ADC3D6 /* Aspect */,
				B5D668EE1ADDBD5900ADC3D6 /* AspectTests */,
			);
		};
/* End PBXProject section */

/* Begin PBXResourcesBuildPhase section */
		B5D668D81ADDBD5900ADC3D6 /* Resources */ = {
			isa = PBXResourcesBuildPhase;
			buildActionMask = 2147483647;
			files = (
				B5D668EA1ADDBD5900ADC3D6 /* LaunchScreen.xib in Resources */,
				B50E003B1ADDC5BE00CA09EC /* Cell.xib in Resources */,
				B5D668E71ADDBD5900ADC3D6 /* Images.xcassets in Resources */,
			);
			runOnlyForDeploymentPostprocessing = 0;
		};
		B5D668ED1ADDBD5900ADC3D6 /* Resources */ = {
			isa = PBXResourcesBuildPhase;
			buildActionMask = 2147483647;
			files = (
			);
			runOnlyForDeploymentPostprocessing = 0;
		};
/* End PBXResourcesBuildPhase section */

/* Begin PBXSourcesBuildPhase section */
		B5D668D61ADDBD5900ADC3D6 /* Sources */ = {
			isa = PBXSourcesBuildPhase;
			buildActionMask = 2147483647;
			files = (
				B5D669001ADDC0F300ADC3D6 /* CalculatorViewController.swift in Sources */,
				B5D668E01ADDBD5900ADC3D6 /* AppDelegate.swift in Sources */,
				B50E003D1ADDC68300CA09EC /* Cell.swift in Sources */,
			);
			runOnlyForDeploymentPostprocessing = 0;
		};
		B5D668EB1ADDBD5900ADC3D6 /* Sources */ = {
			isa = PBXSourcesBuildPhase;
			buildActionMask = 2147483647;
			files = (
				B5D668F61ADDBD5900ADC3D6 /* AspectTests.swift in Sources */,
			);
			runOnlyForDeploymentPostprocessing = 0;
		};
/* End PBXSourcesBuildPhase section */

/* Begin PBXTargetDependency section */
		B5D668F11ADDBD5900ADC3D6 /* PBXTargetDependency */ = {
			isa = PBXTargetDependency;
			target = B5D668D91ADDBD5900ADC3D6 /* Aspect */;
			targetProxy = B5D668F01ADDBD5900ADC3D6 /* PBXContainerItemProxy */;
		};
/* End PBXTargetDependency section */

/* Begin PBXVariantGroup section */
		B5D668E81ADDBD5900ADC3D6 /* LaunchScreen.xib */ = {
			isa = PBXVariantGroup;
			children = (
				B5D668E91ADDBD5900ADC3D6 /* Base */,
			);
			name = LaunchScreen.xib;
			sourceTree = "<group>";
		};
/* End PBXVariantGroup section */

/* Begin XCBuildConfiguration section */
		B5D668F71ADDBD5900ADC3D6 /* Debug */ = {
			isa = XCBuildConfiguration;
			buildSettings = {
				ALWAYS_SEARCH_USER_PATHS = NO;
				CLANG_CXX_LANGUAGE_STANDARD = "gnu++0x";
				CLANG_CXX_LIBRARY = "libc++";
				CLANG_ENABLE_MODULES = YES;
				CLANG_ENABLE_OBJC_ARC = YES;
				CLANG_WARN_BLOCK_CAPTURE_AUTORELEASING = YES;
				CLANG_WARN_BOOL_CONVERSION = YES;
				CLANG_WARN_COMMA = YES;
				CLANG_WARN_CONSTANT_CONVERSION = YES;
				CLANG_WARN_DIRECT_OBJC_ISA_USAGE = YES_ERROR;
				CLANG_WARN_EMPTY_BODY = YES;
				CLANG_WARN_ENUM_CONVERSION = YES;
				CLANG_WARN_INFINITE_RECURSION = YES;
				CLANG_WARN_INT_CONVERSION = YES;
				CLANG_WARN_NON_LITERAL_NULL_CONVERSION = YES;
				CLANG_WARN_OBJC_LITERAL_CONVERSION = YES;
				CLANG_WARN_OBJC_ROOT_CLASS = YES_ERROR;
				CLANG_WARN_RANGE_LOOP_ANALYSIS = YES;
				CLANG_WARN_STRICT_PROTOTYPES = YES;
				CLANG_WARN_SUSPICIOUS_MOVE = YES;
				CLANG_WARN_UNREACHABLE_CODE = YES;
				CLANG_WARN__DUPLICATE_METHOD_MATCH = YES;
				"CODE_SIGN_IDENTITY[sdk=iphoneos*]" = "iPhone Developer";
				COPY_PHASE_STRIP = NO;
				DEBUG_INFORMATION_FORMAT = "dwarf-with-dsym";
				ENABLE_STRICT_OBJC_MSGSEND = YES;
				ENABLE_TESTABILITY = YES;
				GCC_C_LANGUAGE_STANDARD = gnu99;
				GCC_DYNAMIC_NO_PIC = NO;
				GCC_NO_COMMON_BLOCKS = YES;
				GCC_OPTIMIZATION_LEVEL = 0;
				GCC_PREPROCESSOR_DEFINITIONS = (
					"DEBUG=1",
					"$(inherited)",
				);
				GCC_SYMBOLS_PRIVATE_EXTERN = NO;
				GCC_WARN_64_TO_32_BIT_CONVERSION = YES;
				GCC_WARN_ABOUT_RETURN_TYPE = YES_ERROR;
				GCC_WARN_UNDECLARED_SELECTOR = YES;
				GCC_WARN_UNINITIALIZED_AUTOS = YES_AGGRESSIVE;
				GCC_WARN_UNUSED_FUNCTION = YES;
				GCC_WARN_UNUSED_VARIABLE = YES;
				IPHONEOS_DEPLOYMENT_TARGET = 11.0;
				MTL_ENABLE_DEBUG_INFO = YES;
				ONLY_ACTIVE_ARCH = YES;
				SDKROOT = iphoneos;
				SWIFT_OPTIMIZATION_LEVEL = "-Onone";
				TARGETED_DEVICE_FAMILY = "1,2";
			};
			name = Debug;
		};
		B5D668F81ADDBD5900ADC3D6 /* Release */ = {
			isa = XCBuildConfiguration;
			buildSettings = {
				ALWAYS_SEARCH_USER_PATHS = NO;
				CLANG_CXX_LANGUAGE_STANDARD = "gnu++0x";
				CLANG_CXX_LIBRARY = "libc++";
				CLANG_ENABLE_MODULES = YES;
				CLANG_ENABLE_OBJC_ARC = YES;
				CLANG_WARN_BLOCK_CAPTURE_AUTORELEASING = YES;
				CLANG_WARN_BOOL_CONVERSION = YES;
				CLANG_WARN_COMMA = YES;
				CLANG_WARN_CONSTANT_CONVERSION = YES;
				CLANG_WARN_DIRECT_OBJC_ISA_USAGE = YES_ERROR;
				CLANG_WARN_EMPTY_BODY = YES;
				CLANG_WARN_ENUM_CONVERSION = YES;
				CLANG_WARN_INFINITE_RECURSION = YES;
				CLANG_WARN_INT_CONVERSION = YES;
				CLANG_WARN_NON_LITERAL_NULL_CONVERSION = YES;
				CLANG_WARN_OBJC_LITERAL_CONVERSION = YES;
				CLANG_WARN_OBJC_ROOT_CLASS = YES_ERROR;
				CLANG_WARN_RANGE_LOOP_ANALYSIS = YES;
				CLANG_WARN_STRICT_PROTOTYPES = YES;
				CLANG_WARN_SUSPICIOUS_MOVE = YES;
				CLANG_WARN_UNREACHABLE_CODE = YES;
				CLANG_WARN__DUPLICATE_METHOD_MATCH = YES;
				"CODE_SIGN_IDENTITY[sdk=iphoneos*]" = "iPhone Developer";
				COPY_PHASE_STRIP = NO;
				DEBUG_INFORMATION_FORMAT = "dwarf-with-dsym";
				ENABLE_NS_ASSERTIONS = NO;
				ENABLE_STRICT_OBJC_MSGSEND = YES;
				GCC_C_LANGUAGE_STANDARD = gnu99;
				GCC_NO_COMMON_BLOCKS = YES;
				GCC_WARN_64_TO_32_BIT_CONVERSION = YES;
				GCC_WARN_ABOUT_RETURN_TYPE = YES_ERROR;
				GCC_WARN_UNDECLARED_SELECTOR = YES;
				GCC_WARN_UNINITIALIZED_AUTOS = YES_AGGRESSIVE;
				GCC_WARN_UNUSED_FUNCTION = YES;
				GCC_WARN_UNUSED_VARIABLE = YES;
				IPHONEOS_DEPLOYMENT_TARGET = 11.0;
				MTL_ENABLE_DEBUG_INFO = NO;
				SDKROOT = iphoneos;
				SWIFT_OPTIMIZATION_LEVEL = "-Owholemodule";
				TARGETED_DEVICE_FAMILY = "1,2";
				VALIDATE_PRODUCT = YES;
			};
			name = Release;
		};
		B5D668FA1ADDBD5900ADC3D6 /* Debug */ = {
			isa = XCBuildConfiguration;
			buildSettings = {
				ASSETCATALOG_COMPILER_APPICON_NAME = AppIcon;
				DEVELOPMENT_TEAM = F69RDYTM6F;
				INFOPLIST_FILE = Aspect/Info.plist;
				LD_RUNPATH_SEARCH_PATHS = "$(inherited) @executable_path/Frameworks";
				PRODUCT_BUNDLE_IDENTIFIER = "com.benubois.$(PRODUCT_NAME:rfc1034identifier)";
				PRODUCT_NAME = "$(TARGET_NAME)";
				SWIFT_SWIFT3_OBJC_INFERENCE = On;
				SWIFT_VERSION = 4.0;
			};
			name = Debug;
		};
		B5D668FB1ADDBD5900ADC3D6 /* Release */ = {
			isa = XCBuildConfiguration;
			buildSettings = {
				ASSETCATALOG_COMPILER_APPICON_NAME = AppIcon;
				DEVELOPMENT_TEAM = F69RDYTM6F;
				INFOPLIST_FILE = Aspect/Info.plist;
				LD_RUNPATH_SEARCH_PATHS = "$(inherited) @executable_path/Frameworks";
				PRODUCT_BUNDLE_IDENTIFIER = "com.benubois.$(PRODUCT_NAME:rfc1034identifier)";
				PRODUCT_NAME = "$(TARGET_NAME)";
				SWIFT_SWIFT3_OBJC_INFERENCE = On;
				SWIFT_VERSION = 4.0;
			};
			name = Release;
		};
		B5D668FD1ADDBD5900ADC3D6 /* Debug */ = {
			isa = XCBuildConfiguration;
			buildSettings = {
				BUNDLE_LOADER = "$(TEST_HOST)";
				FRAMEWORK_SEARCH_PATHS = (
					"$(SDKROOT)/Developer/Library/Frameworks",
					"$(inherited)",
				);
				GCC_PREPROCESSOR_DEFINITIONS = (
					"DEBUG=1",
					"$(inherited)",
				);
				INFOPLIST_FILE = AspectTests/Info.plist;
				LD_RUNPATH_SEARCH_PATHS = "$(inherited) @executable_path/Frameworks @loader_path/Frameworks";
				PRODUCT_BUNDLE_IDENTIFIER = "com.benubois.$(PRODUCT_NAME:rfc1034identifier)";
				PRODUCT_NAME = "$(TARGET_NAME)";
				SWIFT_SWIFT3_OBJC_INFERENCE = On;
				SWIFT_VERSION = 4.0;
				TEST_HOST = "$(BUILT_PRODUCTS_DIR)/Aspect.app/Aspect";
			};
			name = Debug;
		};
		B5D668FE1ADDBD5900ADC3D6 /* Release */ = {
			isa = XCBuildConfiguration;
			buildSettings = {
				BUNDLE_LOADER = "$(TEST_HOST)";
				FRAMEWORK_SEARCH_PATHS = (
					"$(SDKROOT)/Developer/Library/Frameworks",
					"$(inherited)",
				);
				INFOPLIST_FILE = AspectTests/Info.plist;
				LD_RUNPATH_SEARCH_PATHS = "$(inherited) @executable_path/Frameworks @loader_path/Frameworks";
				PRODUCT_BUNDLE_IDENTIFIER = "com.benubois.$(PRODUCT_NAME:rfc1034identifier)";
				PRODUCT_NAME = "$(TARGET_NAME)";
				SWIFT_SWIFT3_OBJC_INFERENCE = On;
				SWIFT_VERSION = 4.0;
				TEST_HOST = "$(BUILT_PRODUCTS_DIR)/Aspect.app/Aspect";
			};
			name = Release;
		};
/* End XCBuildConfiguration section */

/* Begin XCConfigurationList section */
		B5D668D51ADDBD5900ADC3D6 /* Build configuration list for PBXProject "Aspect" */ = {
			isa = XCConfigurationList;
			buildConfigurations = (
				B5D668F71ADDBD5900ADC3D6 /* Debug */,
				B5D668F81ADDBD5900ADC3D6 /* Release */,
			);
			defaultConfigurationIsVisible = 0;
			defaultConfigurationName = Release;
		};
		B5D668F91ADDBD5900ADC3D6 /* Build configuration list for PBXNativeTarget "Aspect" */ = {
			isa = XCConfigurationList;
			buildConfigurations = (
				B5D668FA1ADDBD5900ADC3D6 /* Debug */,
				B5D668FB1ADDBD5900ADC3D6 /* Release */,
			);
			defaultConfigurationIsVisible = 0;
			defaultConfigurationName = Release;
		};
		B5D668FC1ADDBD5900ADC3D6 /* Build configuration list for PBXNativeTarget "AspectTests" */ = {
			isa = XCConfigurationList;
			buildConfigurations = (
				B5D668FD1ADDBD5900ADC3D6 /* Debug */,
				B5D668FE1ADDBD5900ADC3D6 /* Release */,
			);
			defaultConfigurationIsVisible = 0;
			defaultConfigurationName = Release;
		};
/* End XCConfigurationList section */
	};
	rootObject = B5D668D21ADDBD5900ADC3D6 /* Project object */;
}
